
Microsoft Visual Studio Solution File, Format Version 12.00
# Visual Studio 2012
Project("{8BC9CEB8-8B4A-11D0-8D11-00A0C91BC942}") = "WiringPi", "WiringPi\WiringPi.vcxproj", "{A86196EC-F99B-491F-89BF-8081D209DC56}"
EndProject
Project("{8BC9CEB8-8B4A-11D0-8D11-00A0C91BC942}") = "Sensors", "Sensors\Sensors.vcxproj", "{D31CAB35-3BB5-4F28-8FAE-3DEA228DA912}"
	ProjectSection(ProjectDependencies) = postProject
		{A86196EC-F99B-491F-89BF-8081D209DC56} = {A86196EC-F99B-491F-89BF-8081D209DC56}
	EndProjectSection
EndProject
Project("{8BC9CEB8-8B4A-11D0-8D11-00A0C91BC942}") = "Test", "Test\Test.vcxproj", "{C96799FE-88D4-4B0B-B657-7106BA65ABC6}"
	ProjectSection(ProjectDependencies) = postProject
		{638E9B19-0860-4737-ACBA-39E1DA4D6C5C} = {638E9B19-0860-4737-ACBA-39E1DA4D6C5C}
		{D31CAB35-3BB5-4F28-8FAE-3DEA228DA912} = {D31CAB35-3BB5-4F28-8FAE-3DEA228DA912}
		{707B30C8-5A63-4F37-BE93-FA71FFF22983} = {707B30C8-5A63-4F37-BE93-FA71FFF22983}
		{A86196EC-F99B-491F-89BF-8081D209DC56} = {A86196EC-F99B-491F-89BF-8081D209DC56}
	EndProjectSection
EndProject
Project("{8BC9CEB8-8B4A-11D0-8D11-00A0C91BC942}") = "GPSManager", "GPSManager\GPSManager.vcxproj", "{638E9B19-0860-4737-ACBA-39E1DA4D6C5C}"
EndProject
Project("{8BC9CEB8-8B4A-11D0-8D11-00A0C91BC942}") = "PICManager", "PICManager\PICManager.vcxproj", "{707B30C8-5A63-4F37-BE93-FA71FFF22983}"
	ProjectSection(ProjectDependencies) = postProject
		{A86196EC-F99B-491F-89BF-8081D209DC56} = {A86196EC-F99B-491F-89BF-8081D209DC56}
	EndProjectSection
EndProject
Project("{8BC9CEB8-8B4A-11D0-8D11-00A0C91BC942}") = "MCPM", "MCPM\MCPM.vcxproj", "{7A52E157-CF0C-412E-94C4-0D00F26AE235}"
	ProjectSection(ProjectDependencies) = postProject
		{638E9B19-0860-4737-ACBA-39E1DA4D6C5C} = {638E9B19-0860-4737-ACBA-39E1DA4D6C5C}
		{D31CAB35-3BB5-4F28-8FAE-3DEA228DA912} = {D31CAB35-3BB5-4F28-8FAE-3DEA228DA912}
		{707B30C8-5A63-4F37-BE93-FA71FFF22983} = {707B30C8-5A63-4F37-BE93-FA71FFF22983}
		{A86196EC-F99B-491F-89BF-8081D209DC56} = {A86196EC-F99B-491F-89BF-8081D209DC56}
		{C96799FE-88D4-4B0B-B657-7106BA65ABC6} = {C96799FE-88D4-4B0B-B657-7106BA65ABC6}
	EndProjectSection
EndProject
Global
	GlobalSection(SolutionConfigurationPlatforms) = preSolution
		Debug|Win32 = Debug|Win32
		Release|Win32 = Release|Win32
	EndGlobalSection
	GlobalSection(ProjectConfigurationPlatforms) = postSolution
		{A86196EC-F99B-491F-89BF-8081D209DC56}.Debug|Win32.ActiveCfg = Debug|Win32
		{A86196EC-F99B-491F-89BF-8081D209DC56}.Debug|Win32.Build.0 = Debug|Win32
		{A86196EC-F99B-491F-89BF-8081D209DC56}.Release|Win32.ActiveCfg = Release|Win32
		{A86196EC-F99B-491F-89BF-8081D209DC56}.Release|Win32.Build.0 = Release|Win32
		{D31CAB35-3BB5-4F28-8FAE-3DEA228DA912}.Debug|Win32.ActiveCfg = Debug|Win32
		{D31CAB35-3BB5-4F28-8FAE-3DEA228DA912}.Debug|Win32.Build.0 = Debug|Win32
		{D31CAB35-3BB5-4F28-8FAE-3DEA228DA912}.Release|Win32.ActiveCfg = Release|Win32
		{D31CAB35-3BB5-4F28-8FAE-3DEA228DA912}.Release|Win32.Build.0 = Release|Win32
		{C96799FE-88D4-4B0B-B657-7106BA65ABC6}.Debug|Win32.ActiveCfg = Debug|Win32
		{C96799FE-88D4-4B0B-B657-7106BA65ABC6}.Debug|Win32.Build.0 = Debug|Win32
		{C96799FE-88D4-4B0B-B657-7106BA65ABC6}.Release|Win32.ActiveCfg = Release|Win32
		{C96799FE-88D4-4B0B-B657-7106BA65ABC6}.Release|Win32.Build.0 = Release|Win32
		{638E9B19-0860-4737-ACBA-39E1DA4D6C5C}.Debug|Win32.ActiveCfg = Debug|Win32
		{638E9B19-0860-4737-ACBA-39E1DA4D6C5C}.Debug|Win32.Build.0 = Debug|Win32
		{638E9B19-0860-4737-ACBA-39E1DA4D6C5C}.Release|Win32.ActiveCfg = Release|Win32
		{638E9B19-0860-4737-ACBA-39E1DA4D6C5C}.Release|Win32.Build.0 = Release|Win32
		{707B30C8-5A63-4F37-BE93-FA71FFF22983}.Debug|Win32.ActiveCfg = Debug|Win32
		{707B30C8-5A63-4F37-BE93-FA71FFF22983}.Debug|Win32.Build.0 = Debug|Win32
		{707B30C8-5A63-4F37-BE93-FA71FFF22983}.Release|Win32.ActiveCfg = Release|Win32
		{707B30C8-5A63-4F37-BE93-FA71FFF22983}.Release|Win32.Build.0 = Release|Win32
		{7A52E157-CF0C-412E-94C4-0D00F26AE235}.Debug|Win32.ActiveCfg = Debug|Win32
		{7A52E157-CF0C-412E-94C4-0D00F26AE235}.Debug|Win32.Build.0 = Debug|Win32
		{7A52E157-CF0C-412E-94C4-0D00F26AE235}.Release|Win32.ActiveCfg = Release|Win32
		{7A52E157-CF0C-412E-94C4-0D00F26AE235}.Release|Win32.Build.0 = Release|Win32
	EndGlobalSection
	GlobalSection(SolutionProperties) = preSolution
		HideSolutionNode = FALSE
	EndGlobalSection
EndGlobal
