<?xml version="1.0" encoding="utf-8"?>
<Project ToolsVersion="4.0" xmlns="http://schemas.microsoft.com/developer/msbuild/2003">
  <ItemGroup>
    <Filter Include="Source files">
      <UniqueIdentifier>{3a475269-8545-478d-8273-f395addb140a}</UniqueIdentifier>
      <Extensions>cpp;c;cc;cxx;def;odl;idl;hpj;bat;asm;asmx</Extensions>
    </Filter>
    <Filter Include="Header files">
      <UniqueIdentifier>{768fdcd3-e679-4021-97ef-c8b73a56226e}</UniqueIdentifier>
      <Extensions>h;hpp;hxx;hm;inl;inc;xsd</Extensions>
    </Filter>
    <Filter Include="Resource files">
      <UniqueIdentifier>{8885716a-8735-422e-b36e-42346c5d0d74}</UniqueIdentifier>
      <Extensions>rc;ico;cur;bmp;dlg;rc2;rct;bin;rgs;gif;jpg;jpeg;jpe;resx;tiff;tif;png;wav</Extensions>
    </Filter>
    <Filter Include="Make files">
      <UniqueIdentifier>{8a653a67-3cef-4342-aea8-659ab971a138}</UniqueIdentifier>
      <Extensions>*.mak</Extensions>
    </Filter>
  </ItemGroup>
  <ItemGroup>
    <None Include="Makefile" />
    <None Include="debug.mak">
      <Filter>Make files</Filter>
    </None>
    <None Include="release.mak">
      <Filter>Make files</Filter>
    </None>
  </ItemGroup>
  <ItemGroup>
    <ClInclude Include="GPSManager.h">
      <Filter>Header files</Filter>
    </ClInclude>
    <ClInclude Include="GGA.h">
      <Filter>Header files</Filter>
    </ClInclude>
    <ClInclude Include="NSS.h">
      <Filter>Header files</Filter>
    </ClInclude>
  </ItemGroup>
  <ItemGroup>
    <ClCompile Include="GPSManager.cpp">
      <Filter>Source files</Filter>
    </ClCompile>
    <ClCompile Include="GGA.cpp">
      <Filter>Source files</Filter>
    </ClCompile>
    <ClCompile Include="NSS.cpp">
      <Filter>Source files</Filter>
    </ClCompile>
    <ClCompile Include="FloatAverage.cpp">
      <Filter>Source files</Filter>
    </ClCompile>
  </ItemGroup>
</Project>