<?xml version="1.0" encoding="utf-8"?>
<Project ToolsVersion="4.0" xmlns="http://schemas.microsoft.com/developer/msbuild/2003">
  <ItemGroup>
    <Filter Include="Source files">
      <UniqueIdentifier>{57422956-62ba-4cbf-933b-79cfaff46e0b}</UniqueIdentifier>
      <Extensions>cpp;c;cc;cxx;def;odl;idl;hpj;bat;asm;asmx</Extensions>
    </Filter>
    <Filter Include="Header files">
      <UniqueIdentifier>{6472d680-dc44-4005-ac2f-8e99840c8510}</UniqueIdentifier>
      <Extensions>h;hpp;hxx;hm;inl;inc;xsd</Extensions>
    </Filter>
    <Filter Include="Resource files">
      <UniqueIdentifier>{b330820d-d48d-4721-b24e-3b23ac6284f7}</UniqueIdentifier>
      <Extensions>rc;ico;cur;bmp;dlg;rc2;rct;bin;rgs;gif;jpg;jpeg;jpe;resx;tiff;tif;png;wav</Extensions>
    </Filter>
    <Filter Include="Make files">
      <UniqueIdentifier>{b4a10318-9a00-4f12-b701-fa20498f9264}</UniqueIdentifier>
      <Extensions>*.mak</Extensions>
    </Filter>
  </ItemGroup>
  <ItemGroup>
    <None Include="Makefile" />
    <None Include="debug.mak">
      <Filter>Make files</Filter>
    </None>
    <None Include="release.mak">
      <Filter>Make files</Filter>
    </None>
  </ItemGroup>
  <ItemGroup>
    <ClInclude Include="L3GD20.h">
      <Filter>Header files</Filter>
    </ClInclude>
    <ClInclude Include="LPS331AP.h">
      <Filter>Header files</Filter>
    </ClInclude>
    <ClInclude Include="LSM303.h">
      <Filter>Header files</Filter>
    </ClInclude>
    <ClInclude Include="SensorManager.h">
      <Filter>Header files</Filter>
    </ClInclude>
  </ItemGroup>
  <ItemGroup>
    <ClCompile Include="L3GD20.cpp">
      <Filter>Source files</Filter>
    </ClCompile>
    <ClCompile Include="LSM303.cpp">
      <Filter>Source files</Filter>
    </ClCompile>
    <ClCompile Include="LPS331AP.cpp">
      <Filter>Source files</Filter>
    </ClCompile>
    <ClCompile Include="SensorManager.cpp">
      <Filter>Source files</Filter>
    </ClCompile>
  </ItemGroup>
</Project>