<?xml version="1.0" encoding="utf-8"?>
<Project ToolsVersion="4.0" xmlns="http://schemas.microsoft.com/developer/msbuild/2003">
  <ItemGroup>
    <Filter Include="Source files">
      <UniqueIdentifier>{5f4927f9-1e88-483e-ae8a-2a0d30cdbc46}</UniqueIdentifier>
      <Extensions>cpp;c;cc;cxx;def;odl;idl;hpj;bat;asm;asmx</Extensions>
    </Filter>
    <Filter Include="Header files">
      <UniqueIdentifier>{d9a292cb-6841-4cd1-8cea-96c5a6e9c36a}</UniqueIdentifier>
      <Extensions>h;hpp;hxx;hm;inl;inc;xsd</Extensions>
    </Filter>
    <Filter Include="Resource files">
      <UniqueIdentifier>{9df40f9f-b1f7-415c-af69-610e427c7fb4}</UniqueIdentifier>
      <Extensions>rc;ico;cur;bmp;dlg;rc2;rct;bin;rgs;gif;jpg;jpeg;jpe;resx;tiff;tif;png;wav</Extensions>
    </Filter>
    <Filter Include="Make files">
      <UniqueIdentifier>{2f1d608d-88ee-4940-a2b7-70b101ec325a}</UniqueIdentifier>
      <Extensions>*.mak</Extensions>
    </Filter>
  </ItemGroup>
  <ItemGroup>
    <None Include="Makefile" />
    <None Include="debug.mak">
      <Filter>Make files</Filter>
    </None>
    <None Include="release.mak">
      <Filter>Make files</Filter>
    </None>
  </ItemGroup>
  <ItemGroup>
    <ClInclude Include="drcSerial.h">
      <Filter>Header files</Filter>
    </ClInclude>
    <ClInclude Include="gcc_Debug.h">
      <Filter>Header files</Filter>
    </ClInclude>
    <ClInclude Include="gcc_Release.h">
      <Filter>Header files</Filter>
    </ClInclude>
    <ClInclude Include="max5322.h">
      <Filter>Header files</Filter>
    </ClInclude>
    <ClInclude Include="max31855.h">
      <Filter>Header files</Filter>
    </ClInclude>
    <ClInclude Include="mcp23s08.h">
      <Filter>Header files</Filter>
    </ClInclude>
    <ClInclude Include="mcp23s17.h">
      <Filter>Header files</Filter>
    </ClInclude>
    <ClInclude Include="mcp23x08.h">
      <Filter>Header files</Filter>
    </ClInclude>
    <ClInclude Include="mcp23x0817.h">
      <Filter>Header files</Filter>
    </ClInclude>
    <ClInclude Include="mcp3002.h">
      <Filter>Header files</Filter>
    </ClInclude>
    <ClInclude Include="mcp3004.h">
      <Filter>Header files</Filter>
    </ClInclude>
    <ClInclude Include="mcp3422.h">
      <Filter>Header files</Filter>
    </ClInclude>
    <ClInclude Include="mcp4802.h">
      <Filter>Header files</Filter>
    </ClInclude>
    <ClInclude Include="mcp23008.h">
      <Filter>Header files</Filter>
    </ClInclude>
    <ClInclude Include="mcp23016.h">
      <Filter>Header files</Filter>
    </ClInclude>
    <ClInclude Include="mcp23016reg.h">
      <Filter>Header files</Filter>
    </ClInclude>
    <ClInclude Include="mcp23017.h">
      <Filter>Header files</Filter>
    </ClInclude>
    <ClInclude Include="pcf8574.h">
      <Filter>Header files</Filter>
    </ClInclude>
    <ClInclude Include="pcf8591.h">
      <Filter>Header files</Filter>
    </ClInclude>
    <ClInclude Include="sn3218.h">
      <Filter>Header files</Filter>
    </ClInclude>
    <ClInclude Include="softPwm.h">
      <Filter>Header files</Filter>
    </ClInclude>
    <ClInclude Include="softServo.h">
      <Filter>Header files</Filter>
    </ClInclude>
    <ClInclude Include="softTone.h">
      <Filter>Header files</Filter>
    </ClInclude>
    <ClInclude Include="sr595.h">
      <Filter>Header files</Filter>
    </ClInclude>
    <ClInclude Include="wiringPi.h">
      <Filter>Header files</Filter>
    </ClInclude>
    <ClInclude Include="wiringPiI2C.h">
      <Filter>Header files</Filter>
    </ClInclude>
    <ClInclude Include="wiringPiSPI.h">
      <Filter>Header files</Filter>
    </ClInclude>
    <ClInclude Include="wiringSerial.h">
      <Filter>Header files</Filter>
    </ClInclude>
    <ClInclude Include="wiringShift.h">
      <Filter>Header files</Filter>
    </ClInclude>
  </ItemGroup>
  <ItemGroup>
    <ClCompile Include="drcSerial.c">
      <Filter>Source files</Filter>
    </ClCompile>
    <ClCompile Include="max5322.c">
      <Filter>Source files</Filter>
    </ClCompile>
    <ClCompile Include="max31855.c">
      <Filter>Source files</Filter>
    </ClCompile>
    <ClCompile Include="mcp23s08.c">
      <Filter>Source files</Filter>
    </ClCompile>
    <ClCompile Include="mcp23s17.c">
      <Filter>Source files</Filter>
    </ClCompile>
    <ClCompile Include="mcp3002.c">
      <Filter>Source files</Filter>
    </ClCompile>
    <ClCompile Include="mcp3004.c">
      <Filter>Source files</Filter>
    </ClCompile>
    <ClCompile Include="mcp3422.c">
      <Filter>Source files</Filter>
    </ClCompile>
    <ClCompile Include="mcp4802.c">
      <Filter>Source files</Filter>
    </ClCompile>
    <ClCompile Include="mcp23008.c">
      <Filter>Source files</Filter>
    </ClCompile>
    <ClCompile Include="mcp23016.c">
      <Filter>Source files</Filter>
    </ClCompile>
    <ClCompile Include="mcp23017.c">
      <Filter>Source files</Filter>
    </ClCompile>
    <ClCompile Include="pcf8574.c">
      <Filter>Source files</Filter>
    </ClCompile>
    <ClCompile Include="pcf8591.c">
      <Filter>Source files</Filter>
    </ClCompile>
    <ClCompile Include="piHiPri.c">
      <Filter>Source files</Filter>
    </ClCompile>
    <ClCompile Include="piThread.c">
      <Filter>Source files</Filter>
    </ClCompile>
    <ClCompile Include="sn3218.c">
      <Filter>Source files</Filter>
    </ClCompile>
    <ClCompile Include="softPwm.c">
      <Filter>Source files</Filter>
    </ClCompile>
    <ClCompile Include="softServo.c">
      <Filter>Source files</Filter>
    </ClCompile>
    <ClCompile Include="softTone.c">
      <Filter>Source files</Filter>
    </ClCompile>
    <ClCompile Include="sr595.c">
      <Filter>Source files</Filter>
    </ClCompile>
    <ClCompile Include="wiringPi.c">
      <Filter>Source files</Filter>
    </ClCompile>
    <ClCompile Include="wiringPiI2C.c">
      <Filter>Source files</Filter>
    </ClCompile>
    <ClCompile Include="wiringPiSPI.c">
      <Filter>Source files</Filter>
    </ClCompile>
    <ClCompile Include="wiringSerial.c">
      <Filter>Source files</Filter>
    </ClCompile>
    <ClCompile Include="wiringShift.c">
      <Filter>Source files</Filter>
    </ClCompile>
  </ItemGroup>
</Project>